{
  "version": 4,
  "terraform_version": "1.4.6",
  "serial": 6,
  "lineage": "65624fa2-4053-85ab-a4dd-55dc1d1a9e1d",
  "outputs": {},
  "resources": [
    {
      "mode": "managed",
      "type": "yandex_vpc_network",
      "name": "default_network",
      "provider": "provider[\"registry.terraform.io/yandex-cloud/yandex\"]",
      "instances": [
        {
          "schema_version": 0,
          "attributes": {
            "created_at": "2026-05-13T17:54:42Z",
            "default_security_group_id": "enp86nlaenc6j7ff336b",
            "description": "",
            "folder_id": "b1gcedp247a00i4t74ut",
            "id": "enp5oqd9mb6kufir4oee",
            "labels": {},
            "name": "",
            "subnet_ids": [
              "e2lsilt79m4305o4pedu"
            ],
            "timeouts": null
          },
          "sensitive_attributes": [],
          "private": "eyJlMmJmYjczMC1lY2FhLTExZTYtOGY4OC0zNDM2M2JjN2M0YzAiOnsiY3JlYXRlIjo2MDAwMDAwMDAwMCwiZGVsZXRlIjo2MDAwMDAwMDAwMCwidXBkYXRlIjo2MDAwMDAwMDAwMH19"
        }
      ]
    },
    {
      "mode": "managed",
      "type": "yandex_vpc_subnet",
      "name": "foo",
      "provider": "provider[\"registry.terraform.io/yandex-cloud/yandex\"]",
      "instances": [
        {
          "schema_version": 0,
          "attributes": {
            "created_at": "2026-05-13T17:54:44Z",
            "description": "",
            "dhcp_options": [],
            "folder_id": "b1gcedp247a00i4t74ut",
            "id": "e2lsilt79m4305o4pedu",
            "labels": {},
            "name": "",
            "network_id": "enp5oqd9mb6kufir4oee",
            "route_table_id": "",
            "timeouts": null,
            "v4_cidr_blocks": [
              "10.5.0.0/24"
            ],
            "v6_cidr_blocks": [],
            "zone": "ru-central1-b"
          },
          "sensitive_attributes": [],
          "private": "eyJlMmJmYjczMC1lY2FhLTExZTYtOGY4OC0zNDM2M2JjN2M0YzAiOnsiY3JlYXRlIjoxODAwMDAwMDAwMDAsImRlbGV0ZSI6MTgwMDAwMDAwMDAwLCJ1cGRhdGUiOjE4MDAwMDAwMDAwMH19",
          "dependencies": [
            "yandex_vpc_network.default_network"
          ]
        }
      ]
    }
  ],
  "check_results": null
}
